
Microsoft Visual Studio Solution File, Format Version 12.00
# Visual Studio Version 17
VisualStudioVersion = 17.9.34714.143
MinimumVisualStudioVersion = 10.0.40219.1
Project("{FAE04EC0-301F-11D3-BF4B-00C04F79EFBC}") = "BinomialApp", "BinomialApp\BinomialApp.csproj", "{2B92635A-63B4-47B2-8F47-A8193797E38E}"
EndProject
Project("{FAE04EC0-301F-11D3-BF4B-00C04F79EFBC}") = "BinomialApp.Tests", "BinomialApp.Tests\BinomialApp.Tests.csproj", "{2CD4BCE5-04A6-4119-807A-B6A8D4264DD1}"
EndProject
Global
	GlobalSection(SolutionConfigurationPlatforms) = preSolution
		Debug|Any CPU = Debug|Any CPU
		Release|Any CPU = Release|Any CPU
	EndGlobalSection
	GlobalSection(ProjectConfigurationPlatforms) = postSolution
		{2B92635A-63B4-47B2-8F47-A8193797E38E}.Debug|Any CPU.ActiveCfg = Debug|Any CPU
		{2B92635A-63B4-47B2-8F47-A8193797E38E}.Debug|Any CPU.Build.0 = Debug|Any CPU
		{2B92635A-63B4-47B2-8F47-A8193797E38E}.Release|Any CPU.ActiveCfg = Release|Any CPU
		{2B92635A-63B4-47B2-8F47-A8193797E38E}.Release|Any CPU.Build.0 = Release|Any CPU
		{2CD4BCE5-04A6-4119-807A-B6A8D4264DD1}.Debug|Any CPU.ActiveCfg = Debug|Any CPU
		{2CD4BCE5-04A6-4119-807A-B6A8D4264DD1}.Debug|Any CPU.Build.0 = Debug|Any CPU
		{2CD4BCE5-04A6-4119-807A-B6A8D4264DD1}.Release|Any CPU.ActiveCfg = Release|Any CPU
		{2CD4BCE5-04A6-4119-807A-B6A8D4264DD1}.Release|Any CPU.Build.0 = Release|Any CPU
	EndGlobalSection
	GlobalSection(SolutionProperties) = preSolution
		HideSolutionNode = FALSE
	EndGlobalSection
	GlobalSection(ExtensibilityGlobals) = postSolution
		SolutionGuid = {CB81F5B1-2A8F-413E-B4D7-7846B7CA8B10}
	EndGlobalSection
EndGlobal
